
Microsoft Visual Studio Solution File, Format Version 12.00
# Visual Studio 14
VisualStudioVersion = 14.0.24720.0
MinimumVisualStudioVersion = 10.0.40219.1
Project("{FAE04EC0-301F-11D3-BF4B-00C04F79EFBC}") = "EDAW", "EDAW\EDAW.csproj", "{2DB6DD99-0419-4527-AF03-565DAFD77CA7}"
EndProject
Project("{FAE04EC0-301F-11D3-BF4B-00C04F79EFBC}") = "EDAWTests", "EDAWTests\EDAWTests.csproj", "{1FA940C0-F72C-4EC6-AA4D-2FE7D448CDF3}"
EndProject
Global
	GlobalSection(SolutionConfigurationPlatforms) = preSolution
		Debug|Any CPU = Debug|Any CPU
		Release|Any CPU = Release|Any CPU
	EndGlobalSection
	GlobalSection(ProjectConfigurationPlatforms) = postSolution
		{2DB6DD99-0419-4527-AF03-565DAFD77CA7}.Debug|Any CPU.ActiveCfg = Debug|Any CPU
		{2DB6DD99-0419-4527-AF03-565DAFD77CA7}.Debug|Any CPU.Build.0 = Debug|Any CPU
		{2DB6DD99-0419-4527-AF03-565DAFD77CA7}.Release|Any CPU.ActiveCfg = Release|Any CPU
		{2DB6DD99-0419-4527-AF03-565DAFD77CA7}.Release|Any CPU.Build.0 = Release|Any CPU
		{1FA940C0-F72C-4EC6-AA4D-2FE7D448CDF3}.Debug|Any CPU.ActiveCfg = Debug|Any CPU
		{1FA940C0-F72C-4EC6-AA4D-2FE7D448CDF3}.Debug|Any CPU.Build.0 = Debug|Any CPU
		{1FA940C0-F72C-4EC6-AA4D-2FE7D448CDF3}.Release|Any CPU.ActiveCfg = Release|Any CPU
		{1FA940C0-F72C-4EC6-AA4D-2FE7D448CDF3}.Release|Any CPU.Build.0 = Release|Any CPU
	EndGlobalSection
	GlobalSection(SolutionProperties) = preSolution
		HideSolutionNode = FALSE
	EndGlobalSection
EndGlobal
